// !$*UTF8*$!
{
	archiveVersion = 1;
	classes = {
	};
	objectVersion = 46;
	objects = {

/* Begin PBXBuildFile section */
		FF5904DA1D20D1ED001FC9A0 /* main.m in Sources */ = {isa = PBXBuildFile; fileRef = FF5904D91D20D1ED001FC9A0 /* main.m */; };
		FF5904DD1D20D1ED001FC9A0 /* AppDelegate.m in Sources */ = {isa = PBXBuildFile; fileRef = FF5904DC1D20D1ED001FC9A0 /* AppDelegate.m */; };
		FF5904E31D20D1ED001FC9A0 /* Main.storyboard in Resources */ = {isa = PBXBuildFile; fileRef = FF5904E11D20D1ED001FC9A0 /* Main.storyboard */; };
		FF5904E51D20D1ED001FC9A0 /* Assets.xcassets in Resources */ = {isa = PBXBuildFile; fileRef = FF5904E41D20D1ED001FC9A0 /* Assets.xcassets */; };
		FF5904E81D20D1ED001FC9A0 /* LaunchScreen.storyboard in Resources */ = {isa = PBXBuildFile; fileRef = FF5904E61D20D1ED001FC9A0 /* LaunchScreen.storyboard */; };
		FF65A0511D24D93C0013C181 /* SingUpTableViewController.m in Sources */ = {isa = PBXBuildFile; fileRef = FF65A0501D24D93C0013C181 /* SingUpTableViewController.m */; };
		FF65A0571D24DC470013C181 /* SignInViewController.m in Sources */ = {isa = PBXBuildFile; fileRef = FF65A0561D24DC470013C181 /* SignInViewController.m */; };
		FF82D2171D2B683600D359D0 /* MainTableViewController.m in Sources */ = {isa = PBXBuildFile; fileRef = FF82D2161D2B683600D359D0 /* MainTableViewController.m */; };
		FF82D21A1D2B7C4900D359D0 /* JobSelectViewController.m in Sources */ = {isa = PBXBuildFile; fileRef = FF82D2191D2B7C4900D359D0 /* JobSelectViewController.m */; };
		FF82D21C1D2B8A2100D359D0 /* background.png in Resources */ = {isa = PBXBuildFile; fileRef = FF82D21B1D2B8A2100D359D0 /* background.png */; };
		FF82D21E1D2B8E5800D359D0 /* nature.jpg in Resources */ = {isa = PBXBuildFile; fileRef = FF82D21D1D2B8E5800D359D0 /* nature.jpg */; };
		FF82D2211D2B8ED800D359D0 /* ImageListTableViewCell.m in Sources */ = {isa = PBXBuildFile; fileRef = FF82D2201D2B8ED800D359D0 /* ImageListTableViewCell.m */; };
		FF82D2231D2B917800D359D0 /* nature1.jpg in Resources */ = {isa = PBXBuildFile; fileRef = FF82D2221D2B917800D359D0 /* nature1.jpg */; };
		FFA4D3591D26D1220029FDB1 /* HOOMI@2X.png in Resources */ = {isa = PBXBuildFile; fileRef = FFA4D3581D26D1220029FDB1 /* HOOMI@2X.png */; };
		FFA4D35C1D278ED10029FDB1 /* FBSDKCoreKit.framework in Frameworks */ = {isa = PBXBuildFile; fileRef = FFA4D35B1D278ED10029FDB1 /* FBSDKCoreKit.framework */; };
		FFA4D35E1D2791D10029FDB1 /* FBSDKLoginKit.framework in Frameworks */ = {isa = PBXBuildFile; fileRef = FFA4D35D1D2791D10029FDB1 /* FBSDKLoginKit.framework */; };
		FFA4D3651D27C42B0029FDB1 /* KakaoOpenSDK.framework in Frameworks */ = {isa = PBXBuildFile; fileRef = FFA4D3641D27C42B0029FDB1 /* KakaoOpenSDK.framework */; };
		FFA4D36F1D27D5270029FDB1 /* kakao@2x.png in Resources */ = {isa = PBXBuildFile; fileRef = FFA4D36E1D27D5270029FDB1 /* kakao@2x.png */; };
		FFA4D37A1D27DE190029FDB1 /* UICKeyChainStore.m in Sources */ = {isa = PBXBuildFile; fileRef = FFA4D3791D27DE190029FDB1 /* UICKeyChainStore.m */; };
/* End PBXBuildFile section */

/* Begin PBXFileReference section */
		FF5904D51D20D1EC001FC9A0 /* Hoomi.app */ = {isa = PBXFileReference; explicitFileType = wrapper.application; includeInIndex = 0; path = Hoomi.app; sourceTree = BUILT_PRODUCTS_DIR; };
		FF5904D91D20D1ED001FC9A0 /* main.m */ = {isa = PBXFileReference; lastKnownFileType = sourcecode.c.objc; path = main.m; sourceTree = "<group>"; };
		FF5904DB1D20D1ED001FC9A0 /* AppDelegate.h */ = {isa = PBXFileReference; lastKnownFileType = sourcecode.c.h; path = AppDelegate.h; sourceTree = "<group>"; };
		FF5904DC1D20D1ED001FC9A0 /* AppDelegate.m */ = {isa = PBXFileReference; lastKnownFileType = sourcecode.c.objc; path = AppDelegate.m; sourceTree = "<group>"; };
		FF5904E21D20D1ED001FC9A0 /* Base */ = {isa = PBXFileReference; lastKnownFileType = file.storyboard; name = Base; path = Base.lproj/Main.storyboard; sourceTree = "<group>"; };
		FF5904E41D20D1ED001FC9A0 /* Assets.xcassets */ = {isa = PBXFileReference; lastKnownFileType = folder.assetcatalog; path = Assets.xcassets; sourceTree = "<group>"; };
		FF5904E71D20D1ED001FC9A0 /* Base */ = {isa = PBXFileReference; lastKnownFileType = file.storyboard; name = Base; path = Base.lproj/LaunchScreen.storyboard; sourceTree = "<group>"; };
		FF5904E91D20D1ED001FC9A0 /* Info.plist */ = {isa = PBXFileReference; lastKnownFileType = text.plist.xml; path = Info.plist; sourceTree = "<group>"; };
		FF65A04F1D24D93C0013C181 /* SingUpTableViewController.h */ = {isa = PBXFileReference; fileEncoding = 4; lastKnownFileType = sourcecode.c.h; path = SingUpTableViewController.h; sourceTree = "<group>"; };
		FF65A0501D24D93C0013C181 /* SingUpTableViewController.m */ = {isa = PBXFileReference; fileEncoding = 4; lastKnownFileType = sourcecode.c.objc; path = SingUpTableViewController.m; sourceTree = "<group>"; };
		FF65A0551D24DC470013C181 /* SignInViewController.h */ = {isa = PBXFileReference; fileEncoding = 4; lastKnownFileType = sourcecode.c.h; path = SignInViewController.h; sourceTree = "<group>"; };
		FF65A0561D24DC470013C181 /* SignInViewController.m */ = {isa = PBXFileReference; fileEncoding = 4; lastKnownFileType = sourcecode.c.objc; path = SignInViewController.m; sourceTree = "<group>"; };
		FF82D2151D2B683600D359D0 /* MainTableViewController.h */ = {isa = PBXFileReference; fileEncoding = 4; lastKnownFileType = sourcecode.c.h; path = MainTableViewController.h; sourceTree = "<group>"; };
		FF82D2161D2B683600D359D0 /* MainTableViewController.m */ = {isa = PBXFileReference; fileEncoding = 4; lastKnownFileType = sourcecode.c.objc; path = MainTableViewController.m; sourceTree = "<group>"; };
		FF82D2181D2B7C4900D359D0 /* JobSelectViewController.h */ = {isa = PBXFileReference; fileEncoding = 4; lastKnownFileType = sourcecode.c.h; path = JobSelectViewController.h; sourceTree = "<group>"; };
		FF82D2191D2B7C4900D359D0 /* JobSelectViewController.m */ = {isa = PBXFileReference; fileEncoding = 4; lastKnownFileType = sourcecode.c.objc; path = JobSelectViewController.m; sourceTree = "<group>"; };
		FF82D21B1D2B8A2100D359D0 /* background.png */ = {isa = PBXFileReference; lastKnownFileType = image.png; path = background.png; sourceTree = "<group>"; };
		FF82D21D1D2B8E5800D359D0 /* nature.jpg */ = {isa = PBXFileReference; lastKnownFileType = image.jpeg; path = nature.jpg; sourceTree = "<group>"; };
		FF82D21F1D2B8ED800D359D0 /* ImageListTableViewCell.h */ = {isa = PBXFileReference; fileEncoding = 4; lastKnownFileType = sourcecode.c.h; path = ImageListTableViewCell.h; sourceTree = "<group>"; };
		FF82D2201D2B8ED800D359D0 /* ImageListTableViewCell.m */ = {isa = PBXFileReference; fileEncoding = 4; lastKnownFileType = sourcecode.c.objc; path = ImageListTableViewCell.m; sourceTree = "<group>"; };
		FF82D2221D2B917800D359D0 /* nature1.jpg */ = {isa = PBXFileReference; lastKnownFileType = image.jpeg; path = nature1.jpg; sourceTree = "<group>"; };
		FFA4D3581D26D1220029FDB1 /* HOOMI@2X.png */ = {isa = PBXFileReference; lastKnownFileType = image.png; path = "HOOMI@2X.png"; sourceTree = "<group>"; };
		FFA4D35B1D278ED10029FDB1 /* FBSDKCoreKit.framework */ = {isa = PBXFileReference; lastKnownFileType = wrapper.framework; path = FBSDKCoreKit.framework; sourceTree = "<group>"; };
		FFA4D35D1D2791D10029FDB1 /* FBSDKLoginKit.framework */ = {isa = PBXFileReference; lastKnownFileType = wrapper.framework; path = FBSDKLoginKit.framework; sourceTree = "<group>"; };
		FFA4D3641D27C42B0029FDB1 /* KakaoOpenSDK.framework */ = {isa = PBXFileReference; lastKnownFileType = wrapper.framework; path = KakaoOpenSDK.framework; sourceTree = "<group>"; };
		FFA4D36E1D27D5270029FDB1 /* kakao@2x.png */ = {isa = PBXFileReference; lastKnownFileType = image.png; path = "kakao@2x.png"; sourceTree = "<group>"; };
		FFA4D3701D27D7DC0029FDB1 /* Hoomi.entitlements */ = {isa = PBXFileReference; lastKnownFileType = text.xml; path = Hoomi.entitlements; sourceTree = "<group>"; };
		FFA4D3781D27DE190029FDB1 /* UICKeyChainStore.h */ = {isa = PBXFileReference; fileEncoding = 4; lastKnownFileType = sourcecode.c.h; path = UICKeyChainStore.h; sourceTree = "<group>"; };
		FFA4D3791D27DE190029FDB1 /* UICKeyChainStore.m */ = {isa = PBXFileReference; fileEncoding = 4; lastKnownFileType = sourcecode.c.objc; path = UICKeyChainStore.m; sourceTree = "<group>"; };
/* End PBXFileReference section */

/* Begin PBXFrameworksBuildPhase section */
		FF5904D21D20D1EC001FC9A0 /* Frameworks */ = {
			isa = PBXFrameworksBuildPhase;
			buildActionMask = 2147483647;
			files = (
				FFA4D35E1D2791D10029FDB1 /* FBSDKLoginKit.framework in Frameworks */,
				FFA4D35C1D278ED10029FDB1 /* FBSDKCoreKit.framework in Frameworks */,
				FFA4D3651D27C42B0029FDB1 /* KakaoOpenSDK.framework in Frameworks */,
			);
			runOnlyForDeploymentPostprocessing = 0;
		};
/* End PBXFrameworksBuildPhase section */

/* Begin PBXGroup section */
		FF5904CC1D20D1EC001FC9A0 = {
			isa = PBXGroup;
			children = (
				FF5904D71D20D1EC001FC9A0 /* Hoomi */,
				FF5904D61D20D1EC001FC9A0 /* Products */,
			);
			sourceTree = "<group>";
		};
		FF5904D61D20D1EC001FC9A0 /* Products */ = {
			isa = PBXGroup;
			children = (
				FF5904D51D20D1EC001FC9A0 /* Hoomi.app */,
			);
			name = Products;
			sourceTree = "<group>";
		};
		FF5904D71D20D1EC001FC9A0 /* Hoomi */ = {
			isa = PBXGroup;
			children = (
				FFA4D3711D27D8360029FDB1 /* Keychain */,
				FFA4D3701D27D7DC0029FDB1 /* Hoomi.entitlements */,
				FF65A0581D24DDE90013C181 /* SignView */,
				FF5904DB1D20D1ED001FC9A0 /* AppDelegate.h */,
				FF5904DC1D20D1ED001FC9A0 /* AppDelegate.m */,
				FF5904E11D20D1ED001FC9A0 /* Main.storyboard */,
				FF5904E41D20D1ED001FC9A0 /* Assets.xcassets */,
				FF5904E61D20D1ED001FC9A0 /* LaunchScreen.storyboard */,
				FF5904E91D20D1ED001FC9A0 /* Info.plist */,
				FF82D21D1D2B8E5800D359D0 /* nature.jpg */,
				FF82D2221D2B917800D359D0 /* nature1.jpg */,
				FF82D21B1D2B8A2100D359D0 /* background.png */,
				FFA4D3581D26D1220029FDB1 /* HOOMI@2X.png */,
				FFA4D35A1D278EA80029FDB1 /* Frameworks */,
				FF5904D81D20D1EC001FC9A0 /* Supporting Files */,
			);
			path = Hoomi;
			sourceTree = "<group>";
		};
		FF5904D81D20D1EC001FC9A0 /* Supporting Files */ = {
			isa = PBXGroup;
			children = (
				FF5904D91D20D1ED001FC9A0 /* main.m */,
			);
			name = "Supporting Files";
			sourceTree = "<group>";
		};
		FF65A0581D24DDE90013C181 /* SignView */ = {
			isa = PBXGroup;
			children = (
				FF65A0551D24DC470013C181 /* SignInViewController.h */,
				FF65A0561D24DC470013C181 /* SignInViewController.m */,
				FF65A04F1D24D93C0013C181 /* SingUpTableViewController.h */,
				FF65A0501D24D93C0013C181 /* SingUpTableViewController.m */,
				FFA4D36E1D27D5270029FDB1 /* kakao@2x.png */,
				FF82D2161D2B683600D359D0 /* MainTableViewController.m */,
				FF82D2151D2B683600D359D0 /* MainTableViewController.h */,
				FF82D2181D2B7C4900D359D0 /* JobSelectViewController.h */,
				FF82D2191D2B7C4900D359D0 /* JobSelectViewController.m */,
				FF82D21F1D2B8ED800D359D0 /* ImageListTableViewCell.h */,
				FF82D2201D2B8ED800D359D0 /* ImageListTableViewCell.m */,
			);
			name = SignView;
			sourceTree = "<group>";
		};
		FFA4D35A1D278EA80029FDB1 /* Frameworks */ = {
			isa = PBXGroup;
			children = (
				FFA4D3641D27C42B0029FDB1 /* KakaoOpenSDK.framework */,
				FFA4D35D1D2791D10029FDB1 /* FBSDKLoginKit.framework */,
				FFA4D35B1D278ED10029FDB1 /* FBSDKCoreKit.framework */,
			);
			name = Frameworks;
			sourceTree = "<group>";
		};
		FFA4D3711D27D8360029FDB1 /* Keychain */ = {
			isa = PBXGroup;
			children = (
				FFA4D3781D27DE190029FDB1 /* UICKeyChainStore.h */,
				FFA4D3791D27DE190029FDB1 /* UICKeyChainStore.m */,
			);
			name = Keychain;
			sourceTree = "<group>";
		};
/* End PBXGroup section */

/* Begin PBXNativeTarget section */
		FF5904D41D20D1EC001FC9A0 /* Hoomi */ = {
			isa = PBXNativeTarget;
			buildConfigurationList = FF5904EC1D20D1ED001FC9A0 /* Build configuration list for PBXNativeTarget "Hoomi" */;
			buildPhases = (
				FF5904D11D20D1EC001FC9A0 /* Sources */,
				FF5904D21D20D1EC001FC9A0 /* Frameworks */,
				FF5904D31D20D1EC001FC9A0 /* Resources */,
			);
			buildRules = (
			);
			dependencies = (
			);
			name = Hoomi;
			productName = Hoomi;
			productReference = FF5904D51D20D1EC001FC9A0 /* Hoomi.app */;
			productType = "com.apple.product-type.application";
		};
/* End PBXNativeTarget section */

/* Begin PBXProject section */
		FF5904CD1D20D1EC001FC9A0 /* Project object */ = {
			isa = PBXProject;
			attributes = {
				LastUpgradeCheck = 0730;
				ORGANIZATIONNAME = Jyo;
				TargetAttributes = {
					FF5904D41D20D1EC001FC9A0 = {
						CreatedOnToolsVersion = 7.3.1;
						DevelopmentTeam = PAFK4RNFW2;
						SystemCapabilities = {
							com.apple.Keychain = {
								enabled = 1;
							};
						};
					};
				};
			};
			buildConfigurationList = FF5904D01D20D1EC001FC9A0 /* Build configuration list for PBXProject "Hoomi" */;
			compatibilityVersion = "Xcode 3.2";
			developmentRegion = English;
			hasScannedForEncodings = 0;
			knownRegions = (
				en,
				Base,
			);
			mainGroup = FF5904CC1D20D1EC001FC9A0;
			productRefGroup = FF5904D61D20D1EC001FC9A0 /* Products */;
			projectDirPath = "";
			projectRoot = "";
			targets = (
				FF5904D41D20D1EC001FC9A0 /* Hoomi */,
			);
		};
/* End PBXProject section */

/* Begin PBXResourcesBuildPhase section */
		FF5904D31D20D1EC001FC9A0 /* Resources */ = {
			isa = PBXResourcesBuildPhase;
			buildActionMask = 2147483647;
			files = (
				FF5904E81D20D1ED001FC9A0 /* LaunchScreen.storyboard in Resources */,
				FF82D21C1D2B8A2100D359D0 /* background.png in Resources */,
				FFA4D3591D26D1220029FDB1 /* HOOMI@2X.png in Resources */,
				FF5904E51D20D1ED001FC9A0 /* Assets.xcassets in Resources */,
				FF82D21E1D2B8E5800D359D0 /* nature.jpg in Resources */,
				FF5904E31D20D1ED001FC9A0 /* Main.storyboard in Resources */,
				FFA4D36F1D27D5270029FDB1 /* kakao@2x.png in Resources */,
				FF82D2231D2B917800D359D0 /* nature1.jpg in Resources */,
			);
			runOnlyForDeploymentPostprocessing = 0;
		};
/* End PBXResourcesBuildPhase section */

/* Begin PBXSourcesBuildPhase section */
		FF5904D11D20D1EC001FC9A0 /* Sources */ = {
			isa = PBXSourcesBuildPhase;
			buildActionMask = 2147483647;
			files = (

				FF65A0571D24DC470013C181 /* SignInViewController.m in Sources */,
				FF82D21A1D2B7C4900D359D0 /* JobSelectViewController.m in Sources */,
				FF5904DD1D20D1ED001FC9A0 /* AppDelegate.m in Sources */,
				FF82D2171D2B683600D359D0 /* MainTableViewController.m in Sources */,
				FF5904DA1D20D1ED001FC9A0 /* main.m in Sources */,
				FF82D2211D2B8ED800D359D0 /* ImageListTableViewCell.m in Sources */,
				FFA4D37A1D27DE190029FDB1 /* UICKeyChainStore.m in Sources */,
				FF65A0511D24D93C0013C181 /* SingUpTableViewController.m in Sources */,
			);
			runOnlyForDeploymentPostprocessing = 0;
		};
/* End PBXSourcesBuildPhase section */

/* Begin PBXVariantGroup section */
		FF5904E11D20D1ED001FC9A0 /* Main.storyboard */ = {
			isa = PBXVariantGroup;
			children = (
				FF5904E21D20D1ED001FC9A0 /* Base */,
			);
			name = Main.storyboard;
			sourceTree = "<group>";
		};
		FF5904E61D20D1ED001FC9A0 /* LaunchScreen.storyboard */ = {
			isa = PBXVariantGroup;
			children = (
				FF5904E71D20D1ED001FC9A0 /* Base */,
			);
			name = LaunchScreen.storyboard;
			sourceTree = "<group>";
		};
/* End PBXVariantGroup section */

/* Begin XCBuildConfiguration section */
		FF5904EA1D20D1ED001FC9A0 /* Debug */ = {
			isa = XCBuildConfiguration;
			buildSettings = {
				ALWAYS_SEARCH_USER_PATHS = NO;
				CLANG_ANALYZER_NONNULL = YES;
				CLANG_CXX_LANGUAGE_STANDARD = "gnu++0x";
				CLANG_CXX_LIBRARY = "libc++";
				CLANG_ENABLE_MODULES = YES;
				CLANG_ENABLE_OBJC_ARC = YES;
				CLANG_WARN_BOOL_CONVERSION = YES;
				CLANG_WARN_CONSTANT_CONVERSION = YES;
				CLANG_WARN_DIRECT_OBJC_ISA_USAGE = YES_ERROR;
				CLANG_WARN_EMPTY_BODY = YES;
				CLANG_WARN_ENUM_CONVERSION = YES;
				CLANG_WARN_INT_CONVERSION = YES;
				CLANG_WARN_OBJC_ROOT_CLASS = YES_ERROR;
				CLANG_WARN_UNREACHABLE_CODE = YES;
				CLANG_WARN__DUPLICATE_METHOD_MATCH = YES;
				"CODE_SIGN_IDENTITY[sdk=iphoneos*]" = "iPhone Developer";
				COPY_PHASE_STRIP = NO;
				DEBUG_INFORMATION_FORMAT = dwarf;
				ENABLE_STRICT_OBJC_MSGSEND = YES;
				ENABLE_TESTABILITY = YES;
				FRAMEWORK_SEARCH_PATHS = "/Users/najanda/Desktop/iOS-HOOMI/Hoomi/FBSDKCoreKit.framework";
				GCC_C_LANGUAGE_STANDARD = gnu99;
				GCC_DYNAMIC_NO_PIC = NO;
				GCC_NO_COMMON_BLOCKS = YES;
				GCC_OPTIMIZATION_LEVEL = 0;
				GCC_PREPROCESSOR_DEFINITIONS = (
					"DEBUG=1",
					"$(inherited)",
				);
				GCC_WARN_64_TO_32_BIT_CONVERSION = YES;
				GCC_WARN_ABOUT_RETURN_TYPE = YES_ERROR;
				GCC_WARN_UNDECLARED_SELECTOR = YES;
				GCC_WARN_UNINITIALIZED_AUTOS = YES_AGGRESSIVE;
				GCC_WARN_UNUSED_FUNCTION = YES;
				GCC_WARN_UNUSED_VARIABLE = YES;
				IPHONEOS_DEPLOYMENT_TARGET = 9.3;
				MTL_ENABLE_DEBUG_INFO = YES;
				ONLY_ACTIVE_ARCH = YES;
				OTHER_LDFLAGS = "-all_load";
				SDKROOT = iphoneos;
			};
			name = Debug;
		};
		FF5904EB1D20D1ED001FC9A0 /* Release */ = {
			isa = XCBuildConfiguration;
			buildSettings = {
				ALWAYS_SEARCH_USER_PATHS = NO;
				CLANG_ANALYZER_NONNULL = YES;
				CLANG_CXX_LANGUAGE_STANDARD = "gnu++0x";
				CLANG_CXX_LIBRARY = "libc++";
				CLANG_ENABLE_MODULES = YES;
				CLANG_ENABLE_OBJC_ARC = YES;
				CLANG_WARN_BOOL_CONVERSION = YES;
				CLANG_WARN_CONSTANT_CONVERSION = YES;
				CLANG_WARN_DIRECT_OBJC_ISA_USAGE = YES_ERROR;
				CLANG_WARN_EMPTY_BODY = YES;
				CLANG_WARN_ENUM_CONVERSION = YES;
				CLANG_WARN_INT_CONVERSION = YES;
				CLANG_WARN_OBJC_ROOT_CLASS = YES_ERROR;
				CLANG_WARN_UNREACHABLE_CODE = YES;
				CLANG_WARN__DUPLICATE_METHOD_MATCH = YES;
				"CODE_SIGN_IDENTITY[sdk=iphoneos*]" = "iPhone Developer";
				COPY_PHASE_STRIP = NO;
				DEBUG_INFORMATION_FORMAT = "dwarf-with-dsym";
				ENABLE_NS_ASSERTIONS = NO;
				ENABLE_STRICT_OBJC_MSGSEND = YES;
				FRAMEWORK_SEARCH_PATHS = "/Users/najanda/Desktop/iOS-HOOMI/Hoomi/FBSDKCoreKit.framework";
				GCC_C_LANGUAGE_STANDARD = gnu99;
				GCC_NO_COMMON_BLOCKS = YES;
				GCC_WARN_64_TO_32_BIT_CONVERSION = YES;
				GCC_WARN_ABOUT_RETURN_TYPE = YES_ERROR;
				GCC_WARN_UNDECLARED_SELECTOR = YES;
				GCC_WARN_UNINITIALIZED_AUTOS = YES_AGGRESSIVE;
				GCC_WARN_UNUSED_FUNCTION = YES;
				GCC_WARN_UNUSED_VARIABLE = YES;
				IPHONEOS_DEPLOYMENT_TARGET = 9.3;
				MTL_ENABLE_DEBUG_INFO = NO;
				OTHER_LDFLAGS = "-all_load";
				SDKROOT = iphoneos;
				VALIDATE_PRODUCT = YES;
			};
			name = Release;
		};
		FF5904ED1D20D1ED001FC9A0 /* Debug */ = {
			isa = XCBuildConfiguration;
			buildSettings = {
				ASSETCATALOG_COMPILER_APPICON_NAME = AppIcon;
				CODE_SIGN_ENTITLEMENTS = Hoomi/Hoomi.entitlements;
				CODE_SIGN_IDENTITY = "iPhone Developer";
				FRAMEWORK_SEARCH_PATHS = (
					"$(inherited)",
					"$(PROJECT_DIR)/Hoomi",
				);
				INFOPLIST_FILE = Hoomi/Info.plist;
				LD_RUNPATH_SEARCH_PATHS = "$(inherited) @executable_path/Frameworks";
				PRODUCT_BUNDLE_IDENTIFIER = com.zzzbag.Hoomi;
				PRODUCT_NAME = "$(TARGET_NAME)";
			};
			name = Debug;
		};
		FF5904EE1D20D1ED001FC9A0 /* Release */ = {
			isa = XCBuildConfiguration;
			buildSettings = {
				ASSETCATALOG_COMPILER_APPICON_NAME = AppIcon;
				CODE_SIGN_ENTITLEMENTS = Hoomi/Hoomi.entitlements;
				CODE_SIGN_IDENTITY = "iPhone Developer";
				FRAMEWORK_SEARCH_PATHS = (
					"$(inherited)",
					"$(PROJECT_DIR)/Hoomi",
				);
				INFOPLIST_FILE = Hoomi/Info.plist;
				LD_RUNPATH_SEARCH_PATHS = "$(inherited) @executable_path/Frameworks";
				PRODUCT_BUNDLE_IDENTIFIER = com.zzzbag.Hoomi;
				PRODUCT_NAME = "$(TARGET_NAME)";
			};
			name = Release;
		};
/* End XCBuildConfiguration section */

/* Begin XCConfigurationList section */
		FF5904D01D20D1EC001FC9A0 /* Build configuration list for PBXProject "Hoomi" */ = {
			isa = XCConfigurationList;
			buildConfigurations = (
				FF5904EA1D20D1ED001FC9A0 /* Debug */,
				FF5904EB1D20D1ED001FC9A0 /* Release */,
			);
			defaultConfigurationIsVisible = 0;
			defaultConfigurationName = Release;
		};
		FF5904EC1D20D1ED001FC9A0 /* Build configuration list for PBXNativeTarget "Hoomi" */ = {
			isa = XCConfigurationList;
			buildConfigurations = (
				FF5904ED1D20D1ED001FC9A0 /* Debug */,
				FF5904EE1D20D1ED001FC9A0 /* Release */,
			);
			defaultConfigurationIsVisible = 0;
			defaultConfigurationName = Release;
		};
/* End XCConfigurationList section */
	};
	rootObject = FF5904CD1D20D1EC001FC9A0 /* Project object */;
}
