// !$*UTF8*$!
{
	archiveVersion = 1;
	classes = {
	};
	objectVersion = 46;
	objects = {

/* Begin PBXBuildFile section */
		4133EB471D2B8409001740AC /* MyPageTableViewController.m in Sources */ = {isa = PBXBuildFile; fileRef = 4133EB461D2B8409001740AC /* MyPageTableViewController.m */; };
		4133EB4A1D2B9A91001740AC /* MyPageListTableViewCell.m in Sources */ = {isa = PBXBuildFile; fileRef = 4133EB491D2B9A91001740AC /* MyPageListTableViewCell.m */; };
		4133EB4C1D2BA86C001740AC /* nature1.jpg in Resources */ = {isa = PBXBuildFile; fileRef = 4133EB4B1D2BA86C001740AC /* nature1.jpg */; };
		4133EB501D2BE1C9001740AC /* nature4.jpg in Resources */ = {isa = PBXBuildFile; fileRef = 4133EB4D1D2BE1C9001740AC /* nature4.jpg */; };
		4133EB511D2BE1C9001740AC /* nature3.jpg in Resources */ = {isa = PBXBuildFile; fileRef = 4133EB4E1D2BE1C9001740AC /* nature3.jpg */; };
		4133EB521D2BE1C9001740AC /* nature2.jpg in Resources */ = {isa = PBXBuildFile; fileRef = 4133EB4F1D2BE1C9001740AC /* nature2.jpg */; };
		FF5904DA1D20D1ED001FC9A0 /* main.m in Sources */ = {isa = PBXBuildFile; fileRef = FF5904D91D20D1ED001FC9A0 /* main.m */; };
		FF5904DD1D20D1ED001FC9A0 /* AppDelegate.m in Sources */ = {isa = PBXBuildFile; fileRef = FF5904DC1D20D1ED001FC9A0 /* AppDelegate.m */; };
		FF5904E31D20D1ED001FC9A0 /* Main.storyboard in Resources */ = {isa = PBXBuildFile; fileRef = FF5904E11D20D1ED001FC9A0 /* Main.storyboard */; };
		FF5904E51D20D1ED001FC9A0 /* Assets.xcassets in Resources */ = {isa = PBXBuildFile; fileRef = FF5904E41D20D1ED001FC9A0 /* Assets.xcassets */; };
		FF5904E81D20D1ED001FC9A0 /* LaunchScreen.storyboard in Resources */ = {isa = PBXBuildFile; fileRef = FF5904E61D20D1ED001FC9A0 /* LaunchScreen.storyboard */; };
/* End PBXBuildFile section */

/* Begin PBXFileReference section */
		4133EB451D2B8409001740AC /* MyPageTableViewController.h */ = {isa = PBXFileReference; fileEncoding = 4; lastKnownFileType = sourcecode.c.h; name = MyPageTableViewController.h; path = ../MyPageTableViewController.h; sourceTree = "<group>"; };
		4133EB461D2B8409001740AC /* MyPageTableViewController.m */ = {isa = PBXFileReference; fileEncoding = 4; lastKnownFileType = sourcecode.c.objc; name = MyPageTableViewController.m; path = ../MyPageTableViewController.m; sourceTree = "<group>"; };
		4133EB481D2B9A91001740AC /* MyPageListTableViewCell.h */ = {isa = PBXFileReference; fileEncoding = 4; lastKnownFileType = sourcecode.c.h; path = MyPageListTableViewCell.h; sourceTree = "<group>"; };
		4133EB491D2B9A91001740AC /* MyPageListTableViewCell.m */ = {isa = PBXFileReference; fileEncoding = 4; lastKnownFileType = sourcecode.c.objc; path = MyPageListTableViewCell.m; sourceTree = "<group>"; };
		4133EB4B1D2BA86C001740AC /* nature1.jpg */ = {isa = PBXFileReference; lastKnownFileType = image.jpeg; path = nature1.jpg; sourceTree = "<group>"; };
		4133EB4D1D2BE1C9001740AC /* nature4.jpg */ = {isa = PBXFileReference; lastKnownFileType = image.jpeg; path = nature4.jpg; sourceTree = "<group>"; };
		4133EB4E1D2BE1C9001740AC /* nature3.jpg */ = {isa = PBXFileReference; lastKnownFileType = image.jpeg; path = nature3.jpg; sourceTree = "<group>"; };
		4133EB4F1D2BE1C9001740AC /* nature2.jpg */ = {isa = PBXFileReference; lastKnownFileType = image.jpeg; path = nature2.jpg; sourceTree = "<group>"; };
		FF5904D51D20D1EC001FC9A0 /* Hoomi.app */ = {isa = PBXFileReference; explicitFileType = wrapper.application; includeInIndex = 0; path = Hoomi.app; sourceTree = BUILT_PRODUCTS_DIR; };
		FF5904D91D20D1ED001FC9A0 /* main.m */ = {isa = PBXFileReference; lastKnownFileType = sourcecode.c.objc; path = main.m; sourceTree = "<group>"; };
		FF5904DB1D20D1ED001FC9A0 /* AppDelegate.h */ = {isa = PBXFileReference; lastKnownFileType = sourcecode.c.h; path = AppDelegate.h; sourceTree = "<group>"; };
		FF5904DC1D20D1ED001FC9A0 /* AppDelegate.m */ = {isa = PBXFileReference; lastKnownFileType = sourcecode.c.objc; path = AppDelegate.m; sourceTree = "<group>"; };
		FF5904E21D20D1ED001FC9A0 /* Base */ = {isa = PBXFileReference; lastKnownFileType = file.storyboard; name = Base; path = Base.lproj/Main.storyboard; sourceTree = "<group>"; };
		FF5904E41D20D1ED001FC9A0 /* Assets.xcassets */ = {isa = PBXFileReference; lastKnownFileType = folder.assetcatalog; path = Assets.xcassets; sourceTree = "<group>"; };
		FF5904E71D20D1ED001FC9A0 /* Base */ = {isa = PBXFileReference; lastKnownFileType = file.storyboard; name = Base; path = Base.lproj/LaunchScreen.storyboard; sourceTree = "<group>"; };
		FF5904E91D20D1ED001FC9A0 /* Info.plist */ = {isa = PBXFileReference; lastKnownFileType = text.plist.xml; path = Info.plist; sourceTree = "<group>"; };
/* End PBXFileReference section */

/* Begin PBXFrameworksBuildPhase section */
		FF5904D21D20D1EC001FC9A0 /* Frameworks */ = {
			isa = PBXFrameworksBuildPhase;
			buildActionMask = 2147483647;
			files = (
			);
			runOnlyForDeploymentPostprocessing = 0;
		};
/* End PBXFrameworksBuildPhase section */

/* Begin PBXGroup section */
		FF5904CC1D20D1EC001FC9A0 = {
			isa = PBXGroup;
			children = (
				FF5904D71D20D1EC001FC9A0 /* Hoomi */,
				FF5904D61D20D1EC001FC9A0 /* Products */,
			);
			sourceTree = "<group>";
		};
		FF5904D61D20D1EC001FC9A0 /* Products */ = {
			isa = PBXGroup;
			children = (
				FF5904D51D20D1EC001FC9A0 /* Hoomi.app */,
			);
			name = Products;
			sourceTree = "<group>";
		};
		FF5904D71D20D1EC001FC9A0 /* Hoomi */ = {
			isa = PBXGroup;
			children = (
				FF5904DB1D20D1ED001FC9A0 /* AppDelegate.h */,
				FF5904DC1D20D1ED001FC9A0 /* AppDelegate.m */,
				4133EB451D2B8409001740AC /* MyPageTableViewController.h */,
				4133EB461D2B8409001740AC /* MyPageTableViewController.m */,
				4133EB481D2B9A91001740AC /* MyPageListTableViewCell.h */,
				4133EB491D2B9A91001740AC /* MyPageListTableViewCell.m */,
				FF5904E11D20D1ED001FC9A0 /* Main.storyboard */,
				FF5904E41D20D1ED001FC9A0 /* Assets.xcassets */,
				FF5904E61D20D1ED001FC9A0 /* LaunchScreen.storyboard */,
				FF5904E91D20D1ED001FC9A0 /* Info.plist */,
				4133EB4B1D2BA86C001740AC /* nature1.jpg */,
				4133EB4F1D2BE1C9001740AC /* nature2.jpg */,
				4133EB4E1D2BE1C9001740AC /* nature3.jpg */,
				4133EB4D1D2BE1C9001740AC /* nature4.jpg */,
				FF5904D81D20D1EC001FC9A0 /* Supporting Files */,
			);
			path = Hoomi;
			sourceTree = "<group>";
		};
		FF5904D81D20D1EC001FC9A0 /* Supporting Files */ = {
			isa = PBXGroup;
			children = (
				FF5904D91D20D1ED001FC9A0 /* main.m */,
			);
			name = "Supporting Files";
			sourceTree = "<group>";
		};
/* End PBXGroup section */

/* Begin PBXNativeTarget section */
		FF5904D41D20D1EC001FC9A0 /* Hoomi */ = {
			isa = PBXNativeTarget;
			buildConfigurationList = FF5904EC1D20D1ED001FC9A0 /* Build configuration list for PBXNativeTarget "Hoomi" */;
			buildPhases = (
				FF5904D11D20D1EC001FC9A0 /* Sources */,
				FF5904D21D20D1EC001FC9A0 /* Frameworks */,
				FF5904D31D20D1EC001FC9A0 /* Resources */,
			);
			buildRules = (
			);
			dependencies = (
			);
			name = Hoomi;
			productName = Hoomi;
			productReference = FF5904D51D20D1EC001FC9A0 /* Hoomi.app */;
			productType = "com.apple.product-type.application";
		};
/* End PBXNativeTarget section */

/* Begin PBXProject section */
		FF5904CD1D20D1EC001FC9A0 /* Project object */ = {
			isa = PBXProject;
			attributes = {
				LastUpgradeCheck = 0730;
				ORGANIZATIONNAME = Jyo;
				TargetAttributes = {
					FF5904D41D20D1EC001FC9A0 = {
						CreatedOnToolsVersion = 7.3.1;
					};
				};
			};
			buildConfigurationList = FF5904D01D20D1EC001FC9A0 /* Build configuration list for PBXProject "Hoomi" */;
			compatibilityVersion = "Xcode 3.2";
			developmentRegion = English;
			hasScannedForEncodings = 0;
			knownRegions = (
				en,
				Base,
			);
			mainGroup = FF5904CC1D20D1EC001FC9A0;
			productRefGroup = FF5904D61D20D1EC001FC9A0 /* Products */;
			projectDirPath = "";
			projectRoot = "";
			targets = (
				FF5904D41D20D1EC001FC9A0 /* Hoomi */,
			);
		};
/* End PBXProject section */

/* Begin PBXResourcesBuildPhase section */
		FF5904D31D20D1EC001FC9A0 /* Resources */ = {
			isa = PBXResourcesBuildPhase;
			buildActionMask = 2147483647;
			files = (
				FF5904E81D20D1ED001FC9A0 /* LaunchScreen.storyboard in Resources */,
				FF5904E51D20D1ED001FC9A0 /* Assets.xcassets in Resources */,
				4133EB4C1D2BA86C001740AC /* nature1.jpg in Resources */,
				FF5904E31D20D1ED001FC9A0 /* Main.storyboard in Resources */,
				4133EB521D2BE1C9001740AC /* nature2.jpg in Resources */,
				4133EB511D2BE1C9001740AC /* nature3.jpg in Resources */,
				4133EB501D2BE1C9001740AC /* nature4.jpg in Resources */,
			);
			runOnlyForDeploymentPostprocessing = 0;
		};
/* End PBXResourcesBuildPhase section */

/* Begin PBXSourcesBuildPhase section */
		FF5904D11D20D1EC001FC9A0 /* Sources */ = {
			isa = PBXSourcesBuildPhase;
			buildActionMask = 2147483647;
			files = (
				FF5904DD1D20D1ED001FC9A0 /* AppDelegate.m in Sources */,
				FF5904DA1D20D1ED001FC9A0 /* main.m in Sources */,
				4133EB4A1D2B9A91001740AC /* MyPageListTableViewCell.m in Sources */,
				4133EB471D2B8409001740AC /* MyPageTableViewController.m in Sources */,
			);
			runOnlyForDeploymentPostprocessing = 0;
		};
/* End PBXSourcesBuildPhase section */

/* Begin PBXVariantGroup section */
		FF5904E11D20D1ED001FC9A0 /* Main.storyboard */ = {
			isa = PBXVariantGroup;
			children = (
				FF5904E21D20D1ED001FC9A0 /* Base */,
			);
			name = Main.storyboard;
			sourceTree = "<group>";
		};
		FF5904E61D20D1ED001FC9A0 /* LaunchScreen.storyboard */ = {
			isa = PBXVariantGroup;
			children = (
				FF5904E71D20D1ED001FC9A0 /* Base */,
			);
			name = LaunchScreen.storyboard;
			sourceTree = "<group>";
		};
/* End PBXVariantGroup section */

/* Begin XCBuildConfiguration section */
		FF5904EA1D20D1ED001FC9A0 /* Debug */ = {
			isa = XCBuildConfiguration;
			buildSettings = {
				ALWAYS_SEARCH_USER_PATHS = NO;
				CLANG_ANALYZER_NONNULL = YES;
				CLANG_CXX_LANGUAGE_STANDARD = "gnu++0x";
				CLANG_CXX_LIBRARY = "libc++";
				CLANG_ENABLE_MODULES = YES;
				CLANG_ENABLE_OBJC_ARC = YES;
				CLANG_WARN_BOOL_CONVERSION = YES;
				CLANG_WARN_CONSTANT_CONVERSION = YES;
				CLANG_WARN_DIRECT_OBJC_ISA_USAGE = YES_ERROR;
				CLANG_WARN_EMPTY_BODY = YES;
				CLANG_WARN_ENUM_CONVERSION = YES;
				CLANG_WARN_INT_CONVERSION = YES;
				CLANG_WARN_OBJC_ROOT_CLASS = YES_ERROR;
				CLANG_WARN_UNREACHABLE_CODE = YES;
				CLANG_WARN__DUPLICATE_METHOD_MATCH = YES;
				"CODE_SIGN_IDENTITY[sdk=iphoneos*]" = "iPhone Developer";
				COPY_PHASE_STRIP = NO;
				DEBUG_INFORMATION_FORMAT = dwarf;
				ENABLE_STRICT_OBJC_MSGSEND = YES;
				ENABLE_TESTABILITY = YES;
				GCC_C_LANGUAGE_STANDARD = gnu99;
				GCC_DYNAMIC_NO_PIC = NO;
				GCC_NO_COMMON_BLOCKS = YES;
				GCC_OPTIMIZATION_LEVEL = 0;
				GCC_PREPROCESSOR_DEFINITIONS = (
					"DEBUG=1",
					"$(inherited)",
				);
				GCC_WARN_64_TO_32_BIT_CONVERSION = YES;
				GCC_WARN_ABOUT_RETURN_TYPE = YES_ERROR;
				GCC_WARN_UNDECLARED_SELECTOR = YES;
				GCC_WARN_UNINITIALIZED_AUTOS = YES_AGGRESSIVE;
				GCC_WARN_UNUSED_FUNCTION = YES;
				GCC_WARN_UNUSED_VARIABLE = YES;
				IPHONEOS_DEPLOYMENT_TARGET = 9.3;
				MTL_ENABLE_DEBUG_INFO = YES;
				ONLY_ACTIVE_ARCH = YES;
				SDKROOT = iphoneos;
			};
			name = Debug;
		};
		FF5904EB1D20D1ED001FC9A0 /* Release */ = {
			isa = XCBuildConfiguration;
			buildSettings = {
				ALWAYS_SEARCH_USER_PATHS = NO;
				CLANG_ANALYZER_NONNULL = YES;
				CLANG_CXX_LANGUAGE_STANDARD = "gnu++0x";
				CLANG_CXX_LIBRARY = "libc++";
				CLANG_ENABLE_MODULES = YES;
				CLANG_ENABLE_OBJC_ARC = YES;
				CLANG_WARN_BOOL_CONVERSION = YES;
				CLANG_WARN_CONSTANT_CONVERSION = YES;
				CLANG_WARN_DIRECT_OBJC_ISA_USAGE = YES_ERROR;
				CLANG_WARN_EMPTY_BODY = YES;
				CLANG_WARN_ENUM_CONVERSION = YES;
				CLANG_WARN_INT_CONVERSION = YES;
				CLANG_WARN_OBJC_ROOT_CLASS = YES_ERROR;
				CLANG_WARN_UNREACHABLE_CODE = YES;
				CLANG_WARN__DUPLICATE_METHOD_MATCH = YES;
				"CODE_SIGN_IDENTITY[sdk=iphoneos*]" = "iPhone Developer";
				COPY_PHASE_STRIP = NO;
				DEBUG_INFORMATION_FORMAT = "dwarf-with-dsym";
				ENABLE_NS_ASSERTIONS = NO;
				ENABLE_STRICT_OBJC_MSGSEND = YES;
				GCC_C_LANGUAGE_STANDARD = gnu99;
				GCC_NO_COMMON_BLOCKS = YES;
				GCC_WARN_64_TO_32_BIT_CONVERSION = YES;
				GCC_WARN_ABOUT_RETURN_TYPE = YES_ERROR;
				GCC_WARN_UNDECLARED_SELECTOR = YES;
				GCC_WARN_UNINITIALIZED_AUTOS = YES_AGGRESSIVE;
				GCC_WARN_UNUSED_FUNCTION = YES;
				GCC_WARN_UNUSED_VARIABLE = YES;
				IPHONEOS_DEPLOYMENT_TARGET = 9.3;
				MTL_ENABLE_DEBUG_INFO = NO;
				SDKROOT = iphoneos;
				VALIDATE_PRODUCT = YES;
			};
			name = Release;
		};
		FF5904ED1D20D1ED001FC9A0 /* Debug */ = {
			isa = XCBuildConfiguration;
			buildSettings = {
				ASSETCATALOG_COMPILER_APPICON_NAME = AppIcon;
				INFOPLIST_FILE = Hoomi/Info.plist;
				LD_RUNPATH_SEARCH_PATHS = "$(inherited) @executable_path/Frameworks";
				PRODUCT_BUNDLE_IDENTIFIER = com.zzzbag.Hoomi;
				PRODUCT_NAME = "$(TARGET_NAME)";
			};
			name = Debug;
		};
		FF5904EE1D20D1ED001FC9A0 /* Release */ = {
			isa = XCBuildConfiguration;
			buildSettings = {
				ASSETCATALOG_COMPILER_APPICON_NAME = AppIcon;
				INFOPLIST_FILE = Hoomi/Info.plist;
				LD_RUNPATH_SEARCH_PATHS = "$(inherited) @executable_path/Frameworks";
				PRODUCT_BUNDLE_IDENTIFIER = com.zzzbag.Hoomi;
				PRODUCT_NAME = "$(TARGET_NAME)";
			};
			name = Release;
		};
/* End XCBuildConfiguration section */

/* Begin XCConfigurationList section */
		FF5904D01D20D1EC001FC9A0 /* Build configuration list for PBXProject "Hoomi" */ = {
			isa = XCConfigurationList;
			buildConfigurations = (
				FF5904EA1D20D1ED001FC9A0 /* Debug */,
				FF5904EB1D20D1ED001FC9A0 /* Release */,
			);
			defaultConfigurationIsVisible = 0;
			defaultConfigurationName = Release;
		};
		FF5904EC1D20D1ED001FC9A0 /* Build configuration list for PBXNativeTarget "Hoomi" */ = {
			isa = XCConfigurationList;
			buildConfigurations = (
				FF5904ED1D20D1ED001FC9A0 /* Debug */,
				FF5904EE1D20D1ED001FC9A0 /* Release */,
			);
			defaultConfigurationIsVisible = 0;
			defaultConfigurationName = Release;
		};
/* End XCConfigurationList section */
	};
	rootObject = FF5904CD1D20D1EC001FC9A0 /* Project object */;
}
